...

switch:
  - platform: gpio
    name: "Led 2"
    pin: GPIO2


# tm1637 / clock

time:
  - platform: homeassistant
    id: homeassistant_time

display:
  platform: tm1637
  clk_pin: 22 # DoIt /i2c
  dio_pin: 21
  update_interval: 500ms
  lambda: |-
      static int i = 0;
      i++;
      if ((i % 2) == 0)
        it.strftime("%H.%M", id(homeassistant_time).now());
      else
        it.strftime("%H%M", id(homeassistant_time).now());
    